
Microsoft Visual Studio Solution File, Format Version 12.00
# Visual Studio 15
VisualStudioVersion = 15.0.26730.8
MinimumVisualStudioVersion = 10.0.40219.1
Project("{FAE04EC0-301F-11D3-BF4B-00C04F79EFBC}") = "PongClient", "PongClient\PongClient.csproj", "{8A7D74D0-611C-4547-939D-24FC268EA5EC}"
EndProject
Project("{FAE04EC0-301F-11D3-BF4B-00C04F79EFBC}") = "PingPongServer", "PingPongServer\PingPongServer.csproj", "{8AF50C86-5D9E-4C07-A506-A30AD897A556}"
EndProject
Global
	GlobalSection(SolutionConfigurationPlatforms) = preSolution
		Debug|Any CPU = Debug|Any CPU
		Release|Any CPU = Release|Any CPU
	EndGlobalSection
	GlobalSection(ProjectConfigurationPlatforms) = postSolution
		{8A7D74D0-611C-4547-939D-24FC268EA5EC}.Debug|Any CPU.ActiveCfg = Debug|Any CPU
		{8A7D74D0-611C-4547-939D-24FC268EA5EC}.Debug|Any CPU.Build.0 = Debug|Any CPU
		{8A7D74D0-611C-4547-939D-24FC268EA5EC}.Release|Any CPU.ActiveCfg = Release|Any CPU
		{8A7D74D0-611C-4547-939D-24FC268EA5EC}.Release|Any CPU.Build.0 = Release|Any CPU
		{8AF50C86-5D9E-4C07-A506-A30AD897A556}.Debug|Any CPU.ActiveCfg = Debug|Any CPU
		{8AF50C86-5D9E-4C07-A506-A30AD897A556}.Debug|Any CPU.Build.0 = Debug|Any CPU
		{8AF50C86-5D9E-4C07-A506-A30AD897A556}.Release|Any CPU.ActiveCfg = Release|Any CPU
		{8AF50C86-5D9E-4C07-A506-A30AD897A556}.Release|Any CPU.Build.0 = Release|Any CPU
	EndGlobalSection
	GlobalSection(SolutionProperties) = preSolution
		HideSolutionNode = FALSE
	EndGlobalSection
	GlobalSection(ExtensibilityGlobals) = postSolution
		SolutionGuid = {49B8C519-85C7-4224-821A-88C067D22E58}
	EndGlobalSection
EndGlobal
